
Microsoft Visual Studio Solution File, Format Version 12.00
# Visual Studio Version 17
VisualStudioVersion = 17.0.31903.59
MinimumVisualStudioVersion = 10.0.40219.1
Project("{2150E333-8FDC-42A3-9474-1A3956D46DE8}") = "src", "src", "{827E0CD3-B72D-47B6-A68D-7590B98EB39B}"
EndProject
Project("{FAE04EC0-301F-11D3-BF4B-00C04F79EFBC}") = "OrgLens.Core", "src\OrgLens.Core\OrgLens.Core.csproj", "{F7184A4D-7CDA-43A8-B3C2-0B93816492B8}"
EndProject
Project("{FAE04EC0-301F-11D3-BF4B-00C04F79EFBC}") = "OrgLens.Desktop", "src\OrgLens.Desktop\OrgLens.Desktop.csproj", "{5438626D-FE88-494E-96B2-C927C4A35D51}"
EndProject
Project("{FAE04EC0-301F-11D3-BF4B-00C04F79EFBC}") = "OrgLens.Outlook", "src\OrgLens.Outlook\OrgLens.Outlook.csproj", "{7FEDF7A3-8299-461A-9DBD-6FC20B516306}"
EndProject
Project("{FAE04EC0-301F-11D3-BF4B-00C04F79EFBC}") = "OrgLens.Preview", "src\OrgLens.Preview\OrgLens.Preview.csproj", "{3806F6DC-1E85-4E4F-B2BB-4803BAF3E637}"
EndProject
Project("{2150E333-8FDC-42A3-9474-1A3956D46DE8}") = "tests", "tests", "{0AB3BF05-4346-4AA6-1389-037BE0695223}"
EndProject
Project("{FAE04EC0-301F-11D3-BF4B-00C04F79EFBC}") = "OrgLens.Tests", "tests\OrgLens.Tests\OrgLens.Tests.csproj", "{DD3F7592-4D0E-4608-8E78-C26C41BD39D6}"
EndProject
Global
	GlobalSection(SolutionConfigurationPlatforms) = preSolution
		Debug|Any CPU = Debug|Any CPU
		Debug|x64 = Debug|x64
		Debug|x86 = Debug|x86
		Release|Any CPU = Release|Any CPU
		Release|x64 = Release|x64
		Release|x86 = Release|x86
	EndGlobalSection
	GlobalSection(ProjectConfigurationPlatforms) = postSolution
		{F7184A4D-7CDA-43A8-B3C2-0B93816492B8}.Debug|Any CPU.ActiveCfg = Debug|Any CPU
		{F7184A4D-7CDA-43A8-B3C2-0B93816492B8}.Debug|Any CPU.Build.0 = Debug|Any CPU
		{F7184A4D-7CDA-43A8-B3C2-0B93816492B8}.Debug|x64.ActiveCfg = Debug|Any CPU
		{F7184A4D-7CDA-43A8-B3C2-0B93816492B8}.Debug|x64.Build.0 = Debug|Any CPU
		{F7184A4D-7CDA-43A8-B3C2-0B93816492B8}.Debug|x86.ActiveCfg = Debug|Any CPU
		{F7184A4D-7CDA-43A8-B3C2-0B93816492B8}.Debug|x86.Build.0 = Debug|Any CPU
		{F7184A4D-7CDA-43A8-B3C2-0B93816492B8}.Release|Any CPU.ActiveCfg = Release|Any CPU
		{F7184A4D-7CDA-43A8-B3C2-0B93816492B8}.Release|Any CPU.Build.0 = Release|Any CPU
		{F7184A4D-7CDA-43A8-B3C2-0B93816492B8}.Release|x64.ActiveCfg = Release|Any CPU
		{F7184A4D-7CDA-43A8-B3C2-0B93816492B8}.Release|x64.Build.0 = Release|Any CPU
		{F7184A4D-7CDA-43A8-B3C2-0B93816492B8}.Release|x86.ActiveCfg = Release|Any CPU
		{F7184A4D-7CDA-43A8-B3C2-0B93816492B8}.Release|x86.Build.0 = Release|Any CPU
		{5438626D-FE88-494E-96B2-C927C4A35D51}.Debug|Any CPU.ActiveCfg = Debug|Any CPU
		{5438626D-FE88-494E-96B2-C927C4A35D51}.Debug|Any CPU.Build.0 = Debug|Any CPU
		{5438626D-FE88-494E-96B2-C927C4A35D51}.Debug|x64.ActiveCfg = Debug|Any CPU
		{5438626D-FE88-494E-96B2-C927C4A35D51}.Debug|x64.Build.0 = Debug|Any CPU
		{5438626D-FE88-494E-96B2-C927C4A35D51}.Debug|x86.ActiveCfg = Debug|Any CPU
		{5438626D-FE88-494E-96B2-C927C4A35D51}.Debug|x86.Build.0 = Debug|Any CPU
		{5438626D-FE88-494E-96B2-C927C4A35D51}.Release|Any CPU.ActiveCfg = Release|Any CPU
		{5438626D-FE88-494E-96B2-C927C4A35D51}.Release|Any CPU.Build.0 = Release|Any CPU
		{5438626D-FE88-494E-96B2-C927C4A35D51}.Release|x64.ActiveCfg = Release|Any CPU
		{5438626D-FE88-494E-96B2-C927C4A35D51}.Release|x64.Build.0 = Release|Any CPU
		{5438626D-FE88-494E-96B2-C927C4A35D51}.Release|x86.ActiveCfg = Release|Any CPU
		{5438626D-FE88-494E-96B2-C927C4A35D51}.Release|x86.Build.0 = Release|Any CPU
		{7FEDF7A3-8299-461A-9DBD-6FC20B516306}.Debug|Any CPU.ActiveCfg = Debug|Any CPU
		{7FEDF7A3-8299-461A-9DBD-6FC20B516306}.Debug|Any CPU.Build.0 = Debug|Any CPU
		{7FEDF7A3-8299-461A-9DBD-6FC20B516306}.Debug|x64.ActiveCfg = Debug|Any CPU
		{7FEDF7A3-8299-461A-9DBD-6FC20B516306}.Debug|x64.Build.0 = Debug|Any CPU
		{7FEDF7A3-8299-461A-9DBD-6FC20B516306}.Debug|x86.ActiveCfg = Debug|Any CPU
		{7FEDF7A3-8299-461A-9DBD-6FC20B516306}.Debug|x86.Build.0 = Debug|Any CPU
		{7FEDF7A3-8299-461A-9DBD-6FC20B516306}.Release|Any CPU.ActiveCfg = Release|Any CPU
		{7FEDF7A3-8299-461A-9DBD-6FC20B516306}.Release|Any CPU.Build.0 = Release|Any CPU
		{7FEDF7A3-8299-461A-9DBD-6FC20B516306}.Release|x64.ActiveCfg = Release|Any CPU
		{7FEDF7A3-8299-461A-9DBD-6FC20B516306}.Release|x64.Build.0 = Release|Any CPU
		{7FEDF7A3-8299-461A-9DBD-6FC20B516306}.Release|x86.ActiveCfg = Release|Any CPU
		{7FEDF7A3-8299-461A-9DBD-6FC20B516306}.Release|x86.Build.0 = Release|Any CPU
		{3806F6DC-1E85-4E4F-B2BB-4803BAF3E637}.Debug|Any CPU.ActiveCfg = Debug|Any CPU
		{3806F6DC-1E85-4E4F-B2BB-4803BAF3E637}.Debug|Any CPU.Build.0 = Debug|Any CPU
		{3806F6DC-1E85-4E4F-B2BB-4803BAF3E637}.Debug|x64.ActiveCfg = Debug|Any CPU
		{3806F6DC-1E85-4E4F-B2BB-4803BAF3E637}.Debug|x64.Build.0 = Debug|Any CPU
		{3806F6DC-1E85-4E4F-B2BB-4803BAF3E637}.Debug|x86.ActiveCfg = Debug|Any CPU
		{3806F6DC-1E85-4E4F-B2BB-4803BAF3E637}.Debug|x86.Build.0 = Debug|Any CPU
		{3806F6DC-1E85-4E4F-B2BB-4803BAF3E637}.Release|Any CPU.ActiveCfg = Release|Any CPU
		{3806F6DC-1E85-4E4F-B2BB-4803BAF3E637}.Release|Any CPU.Build.0 = Release|Any CPU
		{3806F6DC-1E85-4E4F-B2BB-4803BAF3E637}.Release|x64.ActiveCfg = Release|Any CPU
		{3806F6DC-1E85-4E4F-B2BB-4803BAF3E637}.Release|x64.Build.0 = Release|Any CPU
		{3806F6DC-1E85-4E4F-B2BB-4803BAF3E637}.Release|x86.ActiveCfg = Release|Any CPU
		{3806F6DC-1E85-4E4F-B2BB-4803BAF3E637}.Release|x86.Build.0 = Release|Any CPU
		{DD3F7592-4D0E-4608-8E78-C26C41BD39D6}.Debug|Any CPU.ActiveCfg = Debug|Any CPU
		{DD3F7592-4D0E-4608-8E78-C26C41BD39D6}.Debug|Any CPU.Build.0 = Debug|Any CPU
		{DD3F7592-4D0E-4608-8E78-C26C41BD39D6}.Debug|x64.ActiveCfg = Debug|Any CPU
		{DD3F7592-4D0E-4608-8E78-C26C41BD39D6}.Debug|x64.Build.0 = Debug|Any CPU
		{DD3F7592-4D0E-4608-8E78-C26C41BD39D6}.Debug|x86.ActiveCfg = Debug|Any CPU
		{DD3F7592-4D0E-4608-8E78-C26C41BD39D6}.Debug|x86.Build.0 = Debug|Any CPU
		{DD3F7592-4D0E-4608-8E78-C26C41BD39D6}.Release|Any CPU.ActiveCfg = Release|Any CPU
		{DD3F7592-4D0E-4608-8E78-C26C41BD39D6}.Release|Any CPU.Build.0 = Release|Any CPU
		{DD3F7592-4D0E-4608-8E78-C26C41BD39D6}.Release|x64.ActiveCfg = Release|Any CPU
		{DD3F7592-4D0E-4608-8E78-C26C41BD39D6}.Release|x64.Build.0 = Release|Any CPU
		{DD3F7592-4D0E-4608-8E78-C26C41BD39D6}.Release|x86.ActiveCfg = Release|Any CPU
		{DD3F7592-4D0E-4608-8E78-C26C41BD39D6}.Release|x86.Build.0 = Release|Any CPU
	EndGlobalSection
	GlobalSection(SolutionProperties) = preSolution
		HideSolutionNode = FALSE
	EndGlobalSection
	GlobalSection(NestedProjects) = preSolution
		{F7184A4D-7CDA-43A8-B3C2-0B93816492B8} = {827E0CD3-B72D-47B6-A68D-7590B98EB39B}
		{5438626D-FE88-494E-96B2-C927C4A35D51} = {827E0CD3-B72D-47B6-A68D-7590B98EB39B}
		{7FEDF7A3-8299-461A-9DBD-6FC20B516306} = {827E0CD3-B72D-47B6-A68D-7590B98EB39B}
		{3806F6DC-1E85-4E4F-B2BB-4803BAF3E637} = {827E0CD3-B72D-47B6-A68D-7590B98EB39B}
		{DD3F7592-4D0E-4608-8E78-C26C41BD39D6} = {0AB3BF05-4346-4AA6-1389-037BE0695223}
	EndGlobalSection
EndGlobal
